lockfileVersion: '9.0'

settings:
  autoInstallPeers: true
  excludeLinksFromLockfile: false

importers:

  .:
    devDependencies:
      '@types/less':
        specifier: ^3.0.6
        version: 3.0.6
      '@types/node':
        specifier: ^20.12.7
        version: 20.12.10
      typescript:
        specifier: ^5.4.5
        version: 5.4.5

packages:

  '@types/less@3.0.6':
    resolution: {integrity: sha512-PecSzorDGdabF57OBeQO/xFbAkYWo88g4Xvnsx7LRwqLC17I7OoKtA3bQB9uXkY6UkMWCOsA8HSVpaoitscdXw==}

  '@types/node@20.12.10':
    resolution: {integrity: sha512-Eem5pH9pmWBHoGAT8Dr5fdc5rYA+4NAovdM4EktRPVAAiJhmWWfQrA0cFhAbOsQdSfIHjAud6YdkbL69+zSKjw==}

  typescript@5.4.5:
    resolution: {integrity: sha512-vcI4UpRgg81oIRUFwR0WSIHKt11nJ7SAVlYNIu+QpqeyXP+gpQJy/Z4+F0aGxSE4MqwjyXvW/TzgkLAx2AGHwQ==}
    engines: {node: '>=14.17'}
    hasBin: true

  undici-types@5.26.5:
    resolution: {integrity: sha512-JlCMO+ehdEIKqlFxk6IfVoAUVmgz7cU7zD/h9XZ0qzeosSHmUJVOzSQvvYSYWXkFXC+IfLKSIffhv0sVZup6pA==}

snapshots:

  '@types/less@3.0.6': {}

  '@types/node@20.12.10':
    dependencies:
      undici-types: 5.26.5

  typescript@5.4.5: {}

  undici-types@5.26.5: {}
