lockfileVersion: '9.0'

settings:
  autoInstallPeers: true
  excludeLinksFromLockfile: false

importers:

  .:
    devDependencies:
      '@types/less':
        specifier: ^3.0.6
        version: 3.0.6
      '@types/node':
        specifier: ^20.14.13
        version: 20.14.13
      typescript:
        specifier: ^5.5.4
        version: 5.5.4

packages:

  '@types/less@3.0.6':
    resolution: {integrity: sha512-PecSzorDGdabF57OBeQO/xFbAkYWo88g4Xvnsx7LRwqLC17I7OoKtA3bQB9uXkY6UkMWCOsA8HSVpaoitscdXw==}

  '@types/node@20.14.13':
    resolution: {integrity: sha512-+bHoGiZb8UiQ0+WEtmph2IWQCjIqg8MDZMAV+ppRRhUZnquF5mQkP/9vpSwJClEiSM/C7fZZExPzfU0vJTyp8w==}

  typescript@5.5.4:
    resolution: {integrity: sha512-Mtq29sKDAEYP7aljRgtPOpTvOfbwRWlS6dPRzwjdE+C0R4brX/GUyhHSecbHMFLNBLcJIPt9nl9yG5TZ1weH+Q==}
    engines: {node: '>=14.17'}
    hasBin: true

  undici-types@5.26.5:
    resolution: {integrity: sha512-JlCMO+ehdEIKqlFxk6IfVoAUVmgz7cU7zD/h9XZ0qzeosSHmUJVOzSQvvYSYWXkFXC+IfLKSIffhv0sVZup6pA==}

snapshots:

  '@types/less@3.0.6': {}

  '@types/node@20.14.13':
    dependencies:
      undici-types: 5.26.5

  typescript@5.5.4: {}

  undici-types@5.26.5: {}
