lockfileVersion: '9.0'

settings:
  autoInstallPeers: true
  excludeLinksFromLockfile: false

catalogs:
  default:
    '@types/less':
      specifier: ^3.0.7
      version: 3.0.7
    '@types/node':
      specifier: ^20.17.10
      version: 20.17.10
    typescript:
      specifier: ^5.7.3
      version: 5.7.3

importers:

  .:
    devDependencies:
      '@types/less':
        specifier: 'catalog:'
        version: 3.0.7
      '@types/node':
        specifier: 'catalog:'
        version: 20.17.10
      typescript:
        specifier: 'catalog:'
        version: 5.7.3

packages:

  '@types/less@3.0.7':
    resolution: {integrity: sha512-+SD1DrM8EwJsilPFSR1IMMGWOTg5sO1waewoJ1k3BHCvU07zQThy8t2wTfxvHz//R0uK3koAUl9WbWwal0H+YA==}

  '@types/node@20.17.10':
    resolution: {integrity: sha512-/jrvh5h6NXhEauFFexRin69nA0uHJ5gwk4iDivp/DeoEua3uwCUto6PC86IpRITBOs4+6i2I56K5x5b6WYGXHA==}

  typescript@5.7.3:
    resolution: {integrity: sha512-84MVSjMEHP+FQRPy3pX9sTVV/INIex71s9TL2Gm5FG/WG1SqXeKyZ0k7/blY/4FdOzI12CBy1vGc4og/eus0fw==}
    engines: {node: '>=14.17'}
    hasBin: true

  undici-types@6.19.8:
    resolution: {integrity: sha512-ve2KP6f/JnbPBFyobGHuerC9g1FYGn/F8n1LWTwNxCEzd6IfqTwUQcNXgEtmmQ6DlRrC1hrSrBnCZPokRrDHjw==}

snapshots:

  '@types/less@3.0.7': {}

  '@types/node@20.17.10':
    dependencies:
      undici-types: 6.19.8

  typescript@5.7.3: {}

  undici-types@6.19.8: {}
