lockfileVersion: '6.0'

settings:
  autoInstallPeers: true
  excludeLinksFromLockfile: false

dependencies:
  dayjs:
    specifier: ^1.11.10
    version: 1.11.10
  zustand:
    specifier: ^4.4.1
    version: 4.4.1(react@..+..+training+template+public+react)

packages:

  /dayjs@1.11.10:
    resolution: {integrity: sha512-vjAczensTgRcqDERK0SR2XMwsF/tSvnvlv6VcF2GIhg6Sx4yOIt/irsr1RDJsKiIyBzJDpCoXiWWq28MqH2cnQ==}
    dev: false

  /use-sync-external-store@1.2.0(react@..+..+training+template+public+react):
    resolution: {integrity: sha512-eEgnFxGQ1Ife9bzYs6VLi8/4X6CObHMw9Qr9tPY43iKwsPw8xE8+EFsf/2cFZ5S3esXgpWgtSCtLNS41F+sKPA==}
    peerDependencies:
      react: ^16.8.0 || ^17.0.0 || ^18.0.0
    dependencies:
      react: link:../../../training/template/public/react
    dev: false

  /zustand@4.4.1(react@..+..+training+template+public+react):
    resolution: {integrity: sha512-QCPfstAS4EBiTQzlaGP1gmorkh/UL1Leaj2tdj+zZCZ/9bm0WS7sI2wnfD5lpOszFqWJ1DcPnGoY8RDL61uokw==}
    engines: {node: '>=12.7.0'}
    peerDependencies:
      '@types/react': '>=16.8'
      immer: '>=9.0'
      react: '>=16.8'
    peerDependenciesMeta:
      '@types/react':
        optional: true
      immer:
        optional: true
      react:
        optional: true
    dependencies:
      react: link:../../../training/template/public/react
      use-sync-external-store: 1.2.0(react@..+..+training+template+public+react)
    dev: false
