lockfileVersion: '9.0'

settings:
  autoInstallPeers: true
  excludeLinksFromLockfile: false

catalogs:
  default:
    lodash:
      specifier: ^4.17.21
      version: 4.17.21

pnpmfileChecksum: sha256-fy9RU2dAa5OREyxtCNOmbjf+JEpnZqeosc993LyXS7E=

importers:

  .:
    devDependencies:
      '@bestlyg/cli':
        specifier: workspace:^
        version: link:../../cli
      lodash:
        specifier: 'catalog:'
        version: 4.17.21

packages:

  lodash@4.17.21:
    resolution: {integrity: sha512-v2kDEe57lecTulaDIuNTPy3Ry4gLGJ6Z1O3vE1krgXZNrsQ+LFTGHVxVjcXPs17LhbZVGedAJv8XZ1tvj5FvSg==}

snapshots:

  lodash@4.17.21: {}
