lockfileVersion: '9.0'

settings:
  autoInstallPeers: true
  excludeLinksFromLockfile: false

catalogs:
  default:
    lodash:
      specifier: ^4.18.1
      version: 4.18.1

pnpmfileChecksum: sha256-fy9RU2dAa5OREyxtCNOmbjf+JEpnZqeosc993LyXS7E=

importers:

  .:
    devDependencies:
      '@bestlyg/cli':
        specifier: workspace:^
        version: link:../../cli
      lodash:
        specifier: 'catalog:'
        version: 4.18.1

packages:

  lodash@4.18.1:
    resolution: {integrity: sha512-dMInicTPVE8d1e5otfwmmjlxkZoUpiVLwyeTdUsi/Caj/gfzzblBcCE5sRHV/AsjuCmxWrte2TNGSYuCeCq+0Q==}

snapshots:

  lodash@4.18.1: {}
