lockfileVersion: '9.0'

settings:
  autoInstallPeers: true
  excludeLinksFromLockfile: false

catalogs:
  default:
    '@types/lodash':
      specifier: ^4.17.24
      version: 4.17.24
    '@types/node':
      specifier: ^22.19.19
      version: 22.19.19
    lodash:
      specifier: ^4.18.1
      version: 4.18.1

pnpmfileChecksum: sha256-fy9RU2dAa5OREyxtCNOmbjf+JEpnZqeosc993LyXS7E=

importers:

  .:
    dependencies:
      lodash:
        specifier: 'catalog:'
        version: 4.18.1
    devDependencies:
      '@types/lodash':
        specifier: 'catalog:'
        version: 4.17.24
      '@types/node':
        specifier: 'catalog:'
        version: 22.19.19

packages:

  '@types/lodash@4.17.24':
    resolution: {integrity: sha512-gIW7lQLZbue7lRSWEFql49QJJWThrTFFeIMJdp3eH4tKoxm1OvEPg02rm4wCCSHS0cL3/Fizimb35b7k8atwsQ==}

  '@types/node@22.19.19':
    resolution: {integrity: sha512-dyh/xO2Fh5bYrfWaaqGrRQQGkNdmYw6AmaAUvYeUMNTWQtvb796ikLdmTchRmOlOiIJ1TDXfWgVx1QkUlQ6Hew==}

  lodash@4.18.1:
    resolution: {integrity: sha512-dMInicTPVE8d1e5otfwmmjlxkZoUpiVLwyeTdUsi/Caj/gfzzblBcCE5sRHV/AsjuCmxWrte2TNGSYuCeCq+0Q==}

  undici-types@6.21.0:
    resolution: {integrity: sha512-iwDZqg0QAGrg9Rav5H4n0M64c3mkR59cJ6wQp+7C4nI0gsmExaedaYLNO44eT4AtBBwjbTiGPMlt2Md0T9H9JQ==}

snapshots:

  '@types/lodash@4.17.24': {}

  '@types/node@22.19.19':
    dependencies:
      undici-types: 6.21.0

  lodash@4.18.1: {}

  undici-types@6.21.0: {}
